// !$*UTF8*$!
{
	archiveVersion = 1;
	classes = {
	};
	objectVersion = 46;
	objects = {

/* Begin PBXBuildFile section */
		3D9703431DC9ADE600654C76 /* AppDelegate.swift in Sources */ = {isa = PBXBuildFile; fileRef = 3D9703421DC9ADE600654C76 /* AppDelegate.swift */; };
		3D9703451DC9ADE600654C76 /* ViewController.swift in Sources */ = {isa = PBXBuildFile; fileRef = 3D9703441DC9ADE600654C76 /* ViewController.swift */; };
		3D9703481DC9ADE600654C76 /* Main.storyboard in Resources */ = {isa = PBXBuildFile; fileRef = 3D9703461DC9ADE600654C76 /* Main.storyboard */; };
		3D97034A1DC9ADE600654C76 /* Assets.xcassets in Resources */ = {isa = PBXBuildFile; fileRef = 3D9703491DC9ADE600654C76 /* Assets.xcassets */; };
		3D97034D1DC9ADE600654C76 /* LaunchScreen.storyboard in Resources */ = {isa = PBXBuildFile; fileRef = 3D97034B1DC9ADE600654C76 /* LaunchScreen.storyboard */; };
		3D9703581DC9ADE600654C76 /* LocationManagerTests.swift in Sources */ = {isa = PBXBuildFile; fileRef = 3D9703571DC9ADE600654C76 /* LocationManagerTests.swift */; };
		3D9703631DC9ADE600654C76 /* LocationManagerUITests.swift in Sources */ = {isa = PBXBuildFile; fileRef = 3D9703621DC9ADE600654C76 /* LocationManagerUITests.swift */; };
/* End PBXBuildFile section */

/* Begin PBXContainerItemProxy section */
		3D9703541DC9ADE600654C76 /* PBXContainerItemProxy */ = {
			isa = PBXContainerItemProxy;
			containerPortal = 3D9703371DC9ADE500654C76 /* Project object */;
			proxyType = 1;
			remoteGlobalIDString = 3D97033E1DC9ADE500654C76;
			remoteInfo = LocationManager;
		};
		3D97035F1DC9ADE600654C76 /* PBXContainerItemProxy */ = {
			isa = PBXContainerItemProxy;
			containerPortal = 3D9703371DC9ADE500654C76 /* Project object */;
			proxyType = 1;
			remoteGlobalIDString = 3D97033E1DC9ADE500654C76;
			remoteInfo = LocationManager;
		};
/* End PBXContainerItemProxy section */

/* Begin PBXFileReference section */
		3D97033F1DC9ADE600654C76 /* LocationManager.app */ = {isa = PBXFileReference; explicitFileType = wrapper.application; includeInIndex = 0; path = LocationManager.app; sourceTree = BUILT_PRODUCTS_DIR; };
		3D9703421DC9ADE600654C76 /* AppDelegate.swift */ = {isa = PBXFileReference; lastKnownFileType = sourcecode.swift; path = AppDelegate.swift; sourceTree = "<group>"; };
		3D9703441DC9ADE600654C76 /* ViewController.swift */ = {isa = PBXFileReference; lastKnownFileType = sourcecode.swift; path = ViewController.swift; sourceTree = "<group>"; };
		3D9703471DC9ADE600654C76 /* Base */ = {isa = PBXFileReference; lastKnownFileType = file.storyboard; name = Base; path = Base.lproj/Main.storyboard; sourceTree = "<group>"; };
		3D9703491DC9ADE600654C76 /* Assets.xcassets */ = {isa = PBXFileReference; lastKnownFileType = folder.assetcatalog; path = Assets.xcassets; sourceTree = "<group>"; };
		3D97034C1DC9ADE600654C76 /* Base */ = {isa = PBXFileReference; lastKnownFileType = file.storyboard; name = Base; path = Base.lproj/LaunchScreen.storyboard; sourceTree = "<group>"; };
		3D97034E1DC9ADE600654C76 /* Info.plist */ = {isa = PBXFileReference; lastKnownFileType = text.plist.xml; path = Info.plist; sourceTree = "<group>"; };
		3D9703531DC9ADE600654C76 /* LocationManagerTests.xctest */ = {isa = PBXFileReference; explicitFileType = wrapper.cfbundle; includeInIndex = 0; path = LocationManagerTests.xctest; sourceTree = BUILT_PRODUCTS_DIR; };
		3D9703571DC9ADE600654C76 /* LocationManagerTests.swift */ = {isa = PBXFileReference; lastKnownFileType = sourcecode.swift; path = LocationManagerTests.swift; sourceTree = "<group>"; };
		3D9703591DC9ADE600654C76 /* Info.plist */ = {isa = PBXFileReference; lastKnownFileType = text.plist.xml; path = Info.plist; sourceTree = "<group>"; };
		3D97035E1DC9ADE600654C76 /* LocationManagerUITests.xctest */ = {isa = PBXFileReference; explicitFileType = wrapper.cfbundle; includeInIndex = 0; path = LocationManagerUITests.xctest; sourceTree = BUILT_PRODUCTS_DIR; };
		3D9703621DC9ADE600654C76 /* LocationManagerUITests.swift */ = {isa = PBXFileReference; lastKnownFileType = sourcecode.swift; path = LocationManagerUITests.swift; sourceTree = "<group>"; };
		3D9703641DC9ADE600654C76 /* Info.plist */ = {isa = PBXFileReference; lastKnownFileType = text.plist.xml; path = Info.plist; sourceTree = "<group>"; };
/* End PBXFileReference section */

/* Begin PBXFrameworksBuildPhase section */
		3D97033C1DC9ADE500654C76 /* Frameworks */ = {
			isa = PBXFrameworksBuildPhase;
			buildActionMask = 2147483647;
			files = (
			);
			runOnlyForDeploymentPostprocessing = 0;
		};
		3D9703501DC9ADE600654C76 /* Frameworks */ = {
			isa = PBXFrameworksBuildPhase;
			buildActionMask = 2147483647;
			files = (
			);
			runOnlyForDeploymentPostprocessing = 0;
		};
		3D97035B1DC9ADE600654C76 /* Frameworks */ = {
			isa = PBXFrameworksBuildPhase;
			buildActionMask = 2147483647;
			files = (
			);
			runOnlyForDeploymentPostprocessing = 0;
		};
/* End PBXFrameworksBuildPhase section */

/* Begin PBXGroup section */
		3D9703361DC9ADE500654C76 = {
			isa = PBXGroup;
			children = (
				3D9703411DC9ADE600654C76 /* LocationManager */,
				3D9703561DC9ADE600654C76 /* LocationManagerTests */,
				3D9703611DC9ADE600654C76 /* LocationManagerUITests */,
				3D9703401DC9ADE600654C76 /* Products */,
			);
			sourceTree = "<group>";
		};
		3D9703401DC9ADE600654C76 /* Products */ = {
			isa = PBXGroup;
			children = (
				3D97033F1DC9ADE600654C76 /* LocationManager.app */,
				3D9703531DC9ADE600654C76 /* LocationManagerTests.xctest */,
				3D97035E1DC9ADE600654C76 /* LocationManagerUITests.xctest */,
			);
			name = Products;
			sourceTree = "<group>";
		};
		3D9703411DC9ADE600654C76 /* LocationManager */ = {
			isa = PBXGroup;
			children = (
				3D9703421DC9ADE600654C76 /* AppDelegate.swift */,
				3D9703441DC9ADE600654C76 /* ViewController.swift */,
				3D9703461DC9ADE600654C76 /* Main.storyboard */,
				3D9703491DC9ADE600654C76 /* Assets.xcassets */,
				3D97034B1DC9ADE600654C76 /* LaunchScreen.storyboard */,
				3D97034E1DC9ADE600654C76 /* Info.plist */,
			);
			path = LocationManager;
			sourceTree = "<group>";
		};
		3D9703561DC9ADE600654C76 /* LocationManagerTests */ = {
			isa = PBXGroup;
			children = (
				3D9703571DC9ADE600654C76 /* LocationManagerTests.swift */,
				3D9703591DC9ADE600654C76 /* Info.plist */,
			);
			path = LocationManagerTests;
			sourceTree = "<group>";
		};
		3D9703611DC9ADE600654C76 /* LocationManagerUITests */ = {
			isa = PBXGroup;
			children = (
				3D9703621DC9ADE600654C76 /* LocationManagerUITests.swift */,
				3D9703641DC9ADE600654C76 /* Info.plist */,
			);
			path = LocationManagerUITests;
			sourceTree = "<group>";
		};
/* End PBXGroup section */

/* Begin PBXNativeTarget section */
		3D97033E1DC9ADE500654C76 /* LocationManager */ = {
			isa = PBXNativeTarget;
			buildConfigurationList = 3D9703671DC9ADE600654C76 /* Build configuration list for PBXNativeTarget "LocationManager" */;
			buildPhases = (
				3D97033B1DC9ADE500654C76 /* Sources */,
				3D97033C1DC9ADE500654C76 /* Frameworks */,
				3D97033D1DC9ADE500654C76 /* Resources */,
			);
			buildRules = (
			);
			dependencies = (
			);
			name = LocationManager;
			productName = LocationManager;
			productReference = 3D97033F1DC9ADE600654C76 /* LocationManager.app */;
			productType = "com.apple.product-type.application";
		};
		3D9703521DC9ADE600654C76 /* LocationManagerTests */ = {
			isa = PBXNativeTarget;
			buildConfigurationList = 3D97036A1DC9ADE600654C76 /* Build configuration list for PBXNativeTarget "LocationManagerTests" */;
			buildPhases = (
				3D97034F1DC9ADE600654C76 /* Sources */,
				3D9703501DC9ADE600654C76 /* Frameworks */,
				3D9703511DC9ADE600654C76 /* Resources */,
			);
			buildRules = (
			);
			dependencies = (
				3D9703551DC9ADE600654C76 /* PBXTargetDependency */,
			);
			name = LocationManagerTests;
			productName = LocationManagerTests;
			productReference = 3D9703531DC9ADE600654C76 /* LocationManagerTests.xctest */;
			productType = "com.apple.product-type.bundle.unit-test";
		};
		3D97035D1DC9ADE600654C76 /* LocationManagerUITests */ = {
			isa = PBXNativeTarget;
			buildConfigurationList = 3D97036D1DC9ADE600654C76 /* Build configuration list for PBXNativeTarget "LocationManagerUITests" */;
			buildPhases = (
				3D97035A1DC9ADE600654C76 /* Sources */,
				3D97035B1DC9ADE600654C76 /* Frameworks */,
				3D97035C1DC9ADE600654C76 /* Resources */,
			);
			buildRules = (
			);
			dependencies = (
				3D9703601DC9ADE600654C76 /* PBXTargetDependency */,
			);
			name = LocationManagerUITests;
			productName = LocationManagerUITests;
			productReference = 3D97035E1DC9ADE600654C76 /* LocationManagerUITests.xctest */;
			productType = "com.apple.product-type.bundle.ui-testing";
		};
/* End PBXNativeTarget section */

/* Begin PBXProject section */
		3D9703371DC9ADE500654C76 /* Project object */ = {
			isa = PBXProject;
			attributes = {
				LastSwiftUpdateCheck = 0800;
				LastUpgradeCheck = 0800;
				ORGANIZATIONNAME = "Ajey Simha";
				TargetAttributes = {
					3D97033E1DC9ADE500654C76 = {
						CreatedOnToolsVersion = 8.0;
						ProvisioningStyle = Manual;
					};
					3D9703521DC9ADE600654C76 = {
						CreatedOnToolsVersion = 8.0;
						ProvisioningStyle = Automatic;
						TestTargetID = 3D97033E1DC9ADE500654C76;
					};
					3D97035D1DC9ADE600654C76 = {
						CreatedOnToolsVersion = 8.0;
						ProvisioningStyle = Automatic;
						TestTargetID = 3D97033E1DC9ADE500654C76;
					};
				};
			};
			buildConfigurationList = 3D97033A1DC9ADE500654C76 /* Build configuration list for PBXProject "LocationManager" */;
			compatibilityVersion = "Xcode 3.2";
			developmentRegion = English;
			hasScannedForEncodings = 0;
			knownRegions = (
				en,
				Base,
			);
			mainGroup = 3D9703361DC9ADE500654C76;
			productRefGroup = 3D9703401DC9ADE600654C76 /* Products */;
			projectDirPath = "";
			projectRoot = "";
			targets = (
				3D97033E1DC9ADE500654C76 /* LocationManager */,
				3D9703521DC9ADE600654C76 /* LocationManagerTests */,
				3D97035D1DC9ADE600654C76 /* LocationManagerUITests */,
			);
		};
/* End PBXProject section */

/* Begin PBXResourcesBuildPhase section */
		3D97033D1DC9ADE500654C76 /* Resources */ = {
			isa = PBXResourcesBuildPhase;
			buildActionMask = 2147483647;
			files = (
				3D97034D1DC9ADE600654C76 /* LaunchScreen.storyboard in Resources */,
				3D97034A1DC9ADE600654C76 /* Assets.xcassets in Resources */,
				3D9703481DC9ADE600654C76 /* Main.storyboard in Resources */,
			);
			runOnlyForDeploymentPostprocessing = 0;
		};
		3D9703511DC9ADE600654C76 /* Resources */ = {
			isa = PBXResourcesBuildPhase;
			buildActionMask = 2147483647;
			files = (
			);
			runOnlyForDeploymentPostprocessing = 0;
		};
		3D97035C1DC9ADE600654C76 /* Resources */ = {
			isa = PBXResourcesBuildPhase;
			buildActionMask = 2147483647;
			files = (
			);
			runOnlyForDeploymentPostprocessing = 0;
		};
/* End PBXResourcesBuildPhase section */

/* Begin PBXSourcesBuildPhase section */
		3D97033B1DC9ADE500654C76 /* Sources */ = {
			isa = PBXSourcesBuildPhase;
			buildActionMask = 2147483647;
			files = (
				3D9703451DC9ADE600654C76 /* ViewController.swift in Sources */,
				3D9703431DC9ADE600654C76 /* AppDelegate.swift in Sources */,
			);
			runOnlyForDeploymentPostprocessing = 0;
		};
		3D97034F1DC9ADE600654C76 /* Sources */ = {
			isa = PBXSourcesBuildPhase;
			buildActionMask = 2147483647;
			files = (
				3D9703581DC9ADE600654C76 /* LocationManagerTests.swift in Sources */,
			);
			runOnlyForDeploymentPostprocessing = 0;
		};
		3D97035A1DC9ADE600654C76 /* Sources */ = {
			isa = PBXSourcesBuildPhase;
			buildActionMask = 2147483647;
			files = (
				3D9703631DC9ADE600654C76 /* LocationManagerUITests.swift in Sources */,
			);
			runOnlyForDeploymentPostprocessing = 0;
		};
/* End PBXSourcesBuildPhase section */

/* Begin PBXTargetDependency section */
		3D9703551DC9ADE600654C76 /* PBXTargetDependency */ = {
			isa = PBXTargetDependency;
			target = 3D97033E1DC9ADE500654C76 /* LocationManager */;
			targetProxy = 3D9703541DC9ADE600654C76 /* PBXContainerItemProxy */;
		};
		3D9703601DC9ADE600654C76 /* PBXTargetDependency */ = {
			isa = PBXTargetDependency;
			target = 3D97033E1DC9ADE500654C76 /* LocationManager */;
			targetProxy = 3D97035F1DC9ADE600654C76 /* PBXContainerItemProxy */;
		};
/* End PBXTargetDependency section */

/* Begin PBXVariantGroup section */
		3D9703461DC9ADE600654C76 /* Main.storyboard */ = {
			isa = PBXVariantGroup;
			children = (
				3D9703471DC9ADE600654C76 /* Base */,
			);
			name = Main.storyboard;
			sourceTree = "<group>";
		};
		3D97034B1DC9ADE600654C76 /* LaunchScreen.storyboard */ = {
			isa = PBXVariantGroup;
			children = (
				3D97034C1DC9ADE600654C76 /* Base */,
			);
			name = LaunchScreen.storyboard;
			sourceTree = "<group>";
		};
/* End PBXVariantGroup section */

/* Begin XCBuildConfiguration section */
		3D9703651DC9ADE600654C76 /* Debug */ = {
			isa = XCBuildConfiguration;
			buildSettings = {
				ALWAYS_SEARCH_USER_PATHS = NO;
				CLANG_ANALYZER_NONNULL = YES;
				CLANG_CXX_LANGUAGE_STANDARD = "gnu++0x";
				CLANG_CXX_LIBRARY = "libc++";
				CLANG_ENABLE_MODULES = YES;
				CLANG_ENABLE_OBJC_ARC = YES;
				CLANG_WARN_BOOL_CONVERSION = YES;
				CLANG_WARN_CONSTANT_CONVERSION = YES;
				CLANG_WARN_DIRECT_OBJC_ISA_USAGE = YES_ERROR;
				CLANG_WARN_DOCUMENTATION_COMMENTS = YES;
				CLANG_WARN_EMPTY_BODY = YES;
				CLANG_WARN_ENUM_CONVERSION = YES;
				CLANG_WARN_INFINITE_RECURSION = YES;
				CLANG_WARN_INT_CONVERSION = YES;
				CLANG_WARN_OBJC_ROOT_CLASS = YES_ERROR;
				CLANG_WARN_SUSPICIOUS_MOVES = YES;
				CLANG_WARN_UNREACHABLE_CODE = YES;
				CLANG_WARN__DUPLICATE_METHOD_MATCH = YES;
				"CODE_SIGN_IDENTITY[sdk=iphoneos*]" = "iPhone Developer";
				COPY_PHASE_STRIP = NO;
				DEBUG_INFORMATION_FORMAT = dwarf;
				ENABLE_STRICT_OBJC_MSGSEND = YES;
				ENABLE_TESTABILITY = YES;
				GCC_C_LANGUAGE_STANDARD = gnu99;
				GCC_DYNAMIC_NO_PIC = NO;
				GCC_NO_COMMON_BLOCKS = YES;
				GCC_OPTIMIZATION_LEVEL = 0;
				GCC_PREPROCESSOR_DEFINITIONS = (
					"DEBUG=1",
					"$(inherited)",
				);
				GCC_WARN_64_TO_32_BIT_CONVERSION = YES;
				GCC_WARN_ABOUT_RETURN_TYPE = YES_ERROR;
				GCC_WARN_UNDECLARED_SELECTOR = YES;
				GCC_WARN_UNINITIALIZED_AUTOS = YES_AGGRESSIVE;
				GCC_WARN_UNUSED_FUNCTION = YES;
				GCC_WARN_UNUSED_VARIABLE = YES;
				IPHONEOS_DEPLOYMENT_TARGET = 10.0;
				MTL_ENABLE_DEBUG_INFO = YES;
				ONLY_ACTIVE_ARCH = YES;
				SDKROOT = iphoneos;
				SWIFT_ACTIVE_COMPILATION_CONDITIONS = DEBUG;
				SWIFT_OPTIMIZATION_LEVEL = "-Onone";
			};
			name = Debug;
		};
		3D9703661DC9ADE600654C76 /* Release */ = {
			isa = XCBuildConfiguration;
			buildSettings = {
				ALWAYS_SEARCH_USER_PATHS = NO;
				CLANG_ANALYZER_NONNULL = YES;
				CLANG_CXX_LANGUAGE_STANDARD = "gnu++0x";
				CLANG_CXX_LIBRARY = "libc++";
				CLANG_ENABLE_MODULES = YES;
				CLANG_ENABLE_OBJC_ARC = YES;
				CLANG_WARN_BOOL_CONVERSION = YES;
				CLANG_WARN_CONSTANT_CONVERSION = YES;
				CLANG_WARN_DIRECT_OBJC_ISA_USAGE = YES_ERROR;
				CLANG_WARN_DOCUMENTATION_COMMENTS = YES;
				CLANG_WARN_EMPTY_BODY = YES;
				CLANG_WARN_ENUM_CONVERSION = YES;
				CLANG_WARN_INFINITE_RECURSION = YES;
				CLANG_WARN_INT_CONVERSION = YES;
				CLANG_WARN_OBJC_ROOT_CLASS = YES_ERROR;
				CLANG_WARN_SUSPICIOUS_MOVES = YES;
				CLANG_WARN_UNREACHABLE_CODE = YES;
				CLANG_WARN__DUPLICATE_METHOD_MATCH = YES;
				"CODE_SIGN_IDENTITY[sdk=iphoneos*]" = "iPhone Developer";
				COPY_PHASE_STRIP = NO;
				DEBUG_INFORMATION_FORMAT = "dwarf-with-dsym";
				ENABLE_NS_ASSERTIONS = NO;
				ENABLE_STRICT_OBJC_MSGSEND = YES;
				GCC_C_LANGUAGE_STANDARD = gnu99;
				GCC_NO_COMMON_BLOCKS = YES;
				GCC_WARN_64_TO_32_BIT_CONVERSION = YES;
				GCC_WARN_ABOUT_RETURN_TYPE = YES_ERROR;
				GCC_WARN_UNDECLARED_SELECTOR = YES;
				GCC_WARN_UNINITIALIZED_AUTOS = YES_AGGRESSIVE;
				GCC_WARN_UNUSED_FUNCTION = YES;
				GCC_WARN_UNUSED_VARIABLE = YES;
				IPHONEOS_DEPLOYMENT_TARGET = 10.0;
				MTL_ENABLE_DEBUG_INFO = NO;
				SDKROOT = iphoneos;
				SWIFT_OPTIMIZATION_LEVEL = "-Owholemodule";
				VALIDATE_PRODUCT = YES;
			};
			name = Release;
		};
		3D9703681DC9ADE600654C76 /* Debug */ = {
			isa = XCBuildConfiguration;
			buildSettings = {
				ASSETCATALOG_COMPILER_APPICON_NAME = AppIcon;
				DEVELOPMENT_TEAM = "";
				INFOPLIST_FILE = LocationManager/Info.plist;
				LD_RUNPATH_SEARCH_PATHS = "$(inherited) @executable_path/Frameworks";
				PRODUCT_BUNDLE_IDENTIFIER = com.LocationManager;
				PRODUCT_NAME = "$(TARGET_NAME)";
				SWIFT_VERSION = 3.0;
			};
			name = Debug;
		};
		3D9703691DC9ADE600654C76 /* Release */ = {
			isa = XCBuildConfiguration;
			buildSettings = {
				ASSETCATALOG_COMPILER_APPICON_NAME = AppIcon;
				DEVELOPMENT_TEAM = "";
				INFOPLIST_FILE = LocationManager/Info.plist;
				LD_RUNPATH_SEARCH_PATHS = "$(inherited) @executable_path/Frameworks";
				PRODUCT_BUNDLE_IDENTIFIER = com.LocationManager;
				PRODUCT_NAME = "$(TARGET_NAME)";
				SWIFT_VERSION = 3.0;
			};
			name = Release;
		};
		3D97036B1DC9ADE600654C76 /* Debug */ = {
			isa = XCBuildConfiguration;
			buildSettings = {
				ALWAYS_EMBED_SWIFT_STANDARD_LIBRARIES = YES;
				BUNDLE_LOADER = "$(TEST_HOST)";
				INFOPLIST_FILE = LocationManagerTests/Info.plist;
				LD_RUNPATH_SEARCH_PATHS = "$(inherited) @executable_path/Frameworks @loader_path/Frameworks";
				PRODUCT_BUNDLE_IDENTIFIER = com.LocationManagerTests;
				PRODUCT_NAME = "$(TARGET_NAME)";
				SWIFT_VERSION = 3.0;
				TEST_HOST = "$(BUILT_PRODUCTS_DIR)/LocationManager.app/LocationManager";
			};
			name = Debug;
		};
		3D97036C1DC9ADE600654C76 /* Release */ = {
			isa = XCBuildConfiguration;
			buildSettings = {
				ALWAYS_EMBED_SWIFT_STANDARD_LIBRARIES = YES;
				BUNDLE_LOADER = "$(TEST_HOST)";
				INFOPLIST_FILE = LocationManagerTests/Info.plist;
				LD_RUNPATH_SEARCH_PATHS = "$(inherited) @executable_path/Frameworks @loader_path/Frameworks";
				PRODUCT_BUNDLE_IDENTIFIER = com.LocationManagerTests;
				PRODUCT_NAME = "$(TARGET_NAME)";
				SWIFT_VERSION = 3.0;
				TEST_HOST = "$(BUILT_PRODUCTS_DIR)/LocationManager.app/LocationManager";
			};
			name = Release;
		};
		3D97036E1DC9ADE600654C76 /* Debug */ = {
			isa = XCBuildConfiguration;
			buildSettings = {
				ALWAYS_EMBED_SWIFT_STANDARD_LIBRARIES = YES;
				INFOPLIST_FILE = LocationManagerUITests/Info.plist;
				LD_RUNPATH_SEARCH_PATHS = "$(inherited) @executable_path/Frameworks @loader_path/Frameworks";
				PRODUCT_BUNDLE_IDENTIFIER = com.LocationManagerUITests;
				PRODUCT_NAME = "$(TARGET_NAME)";
				SWIFT_VERSION = 3.0;
				TEST_TARGET_NAME = LocationManager;
			};
			name = Debug;
		};
		3D97036F1DC9ADE600654C76 /* Release */ = {
			isa = XCBuildConfiguration;
			buildSettings = {
				ALWAYS_EMBED_SWIFT_STANDARD_LIBRARIES = YES;
				INFOPLIST_FILE = LocationManagerUITests/Info.plist;
				LD_RUNPATH_SEARCH_PATHS = "$(inherited) @executable_path/Frameworks @loader_path/Frameworks";
				PRODUCT_BUNDLE_IDENTIFIER = com.LocationManagerUITests;
				PRODUCT_NAME = "$(TARGET_NAME)";
				SWIFT_VERSION = 3.0;
				TEST_TARGET_NAME = LocationManager;
			};
			name = Release;
		};
/* End XCBuildConfiguration section */

/* Begin XCConfigurationList section */
		3D97033A1DC9ADE500654C76 /* Build configuration list for PBXProject "LocationManager" */ = {
			isa = XCConfigurationList;
			buildConfigurations = (
				3D9703651DC9ADE600654C76 /* Debug */,
				3D9703661DC9ADE600654C76 /* Release */,
			);
			defaultConfigurationIsVisible = 0;
			defaultConfigurationName = Release;
		};
		3D9703671DC9ADE600654C76 /* Build configuration list for PBXNativeTarget "LocationManager" */ = {
			isa = XCConfigurationList;
			buildConfigurations = (
				3D9703681DC9ADE600654C76 /* Debug */,
				3D9703691DC9ADE600654C76 /* Release */,
			);
			defaultConfigurationIsVisible = 0;
		};
		3D97036A1DC9ADE600654C76 /* Build configuration list for PBXNativeTarget "LocationManagerTests" */ = {
			isa = XCConfigurationList;
			buildConfigurations = (
				3D97036B1DC9ADE600654C76 /* Debug */,
				3D97036C1DC9ADE600654C76 /* Release */,
			);
			defaultConfigurationIsVisible = 0;
		};
		3D97036D1DC9ADE600654C76 /* Build configuration list for PBXNativeTarget "LocationManagerUITests" */ = {
			isa = XCConfigurationList;
			buildConfigurations = (
				3D97036E1DC9ADE600654C76 /* Debug */,
				3D97036F1DC9ADE600654C76 /* Release */,
			);
			defaultConfigurationIsVisible = 0;
		};
/* End XCConfigurationList section */
	};
	rootObject = 3D9703371DC9ADE500654C76 /* Project object */;
}
